
Microsoft Visual Studio Solution File, Format Version 12.00
# Visual Studio 14
VisualStudioVersion = 14.0.23107.0
MinimumVisualStudioVersion = 10.0.40219.1
Project("{FAE04EC0-301F-11D3-BF4B-00C04F79EFBC}") = "InternetRadioDevice", "InternetRadioDevice\InternetRadioDevice.csproj", "{61236543-3077-4BFD-A9B7-1C286A91C1FA}"
EndProject
Project("{FAE04EC0-301F-11D3-BF4B-00C04F79EFBC}") = "InternetRadioController", "InternetRadioController\InternetRadioController.csproj", "{DC413CD7-305F-4142-A476-97C162851635}"
EndProject
Global
	GlobalSection(SolutionConfigurationPlatforms) = preSolution
		Debug|Any CPU = Debug|Any CPU
		Debug|ARM = Debug|ARM
		Debug|x64 = Debug|x64
		Debug|x86 = Debug|x86
		Release|Any CPU = Release|Any CPU
		Release|ARM = Release|ARM
		Release|x64 = Release|x64
		Release|x86 = Release|x86
	EndGlobalSection
	GlobalSection(ProjectConfigurationPlatforms) = postSolution
		{61236543-3077-4BFD-A9B7-1C286A91C1FA}.Debug|Any CPU.ActiveCfg = Debug|x86
		{61236543-3077-4BFD-A9B7-1C286A91C1FA}.Debug|ARM.ActiveCfg = Debug|ARM
		{61236543-3077-4BFD-A9B7-1C286A91C1FA}.Debug|ARM.Build.0 = Debug|ARM
		{61236543-3077-4BFD-A9B7-1C286A91C1FA}.Debug|ARM.Deploy.0 = Debug|ARM
		{61236543-3077-4BFD-A9B7-1C286A91C1FA}.Debug|x64.ActiveCfg = Debug|x64
		{61236543-3077-4BFD-A9B7-1C286A91C1FA}.Debug|x64.Build.0 = Debug|x64
		{61236543-3077-4BFD-A9B7-1C286A91C1FA}.Debug|x64.Deploy.0 = Debug|x64
		{61236543-3077-4BFD-A9B7-1C286A91C1FA}.Debug|x86.ActiveCfg = Debug|x86
		{61236543-3077-4BFD-A9B7-1C286A91C1FA}.Debug|x86.Build.0 = Debug|x86
		{61236543-3077-4BFD-A9B7-1C286A91C1FA}.Debug|x86.Deploy.0 = Debug|x86
		{61236543-3077-4BFD-A9B7-1C286A91C1FA}.Release|Any CPU.ActiveCfg = Release|x86
		{61236543-3077-4BFD-A9B7-1C286A91C1FA}.Release|ARM.ActiveCfg = Release|ARM
		{61236543-3077-4BFD-A9B7-1C286A91C1FA}.Release|ARM.Build.0 = Release|ARM
		{61236543-3077-4BFD-A9B7-1C286A91C1FA}.Release|ARM.Deploy.0 = Release|ARM
		{61236543-3077-4BFD-A9B7-1C286A91C1FA}.Release|x64.ActiveCfg = Release|x64
		{61236543-3077-4BFD-A9B7-1C286A91C1FA}.Release|x64.Build.0 = Release|x64
		{61236543-3077-4BFD-A9B7-1C286A91C1FA}.Release|x64.Deploy.0 = Release|x64
		{61236543-3077-4BFD-A9B7-1C286A91C1FA}.Release|x86.ActiveCfg = Release|x86
		{61236543-3077-4BFD-A9B7-1C286A91C1FA}.Release|x86.Build.0 = Release|x86
		{61236543-3077-4BFD-A9B7-1C286A91C1FA}.Release|x86.Deploy.0 = Release|x86
		{DC413CD7-305F-4142-A476-97C162851635}.Debug|Any CPU.ActiveCfg = Debug|x86
		{DC413CD7-305F-4142-A476-97C162851635}.Debug|ARM.ActiveCfg = Debug|ARM
		{DC413CD7-305F-4142-A476-97C162851635}.Debug|ARM.Build.0 = Debug|ARM
		{DC413CD7-305F-4142-A476-97C162851635}.Debug|ARM.Deploy.0 = Debug|ARM
		{DC413CD7-305F-4142-A476-97C162851635}.Debug|x64.ActiveCfg = Debug|x64
		{DC413CD7-305F-4142-A476-97C162851635}.Debug|x64.Build.0 = Debug|x64
		{DC413CD7-305F-4142-A476-97C162851635}.Debug|x64.Deploy.0 = Debug|x64
		{DC413CD7-305F-4142-A476-97C162851635}.Debug|x86.ActiveCfg = Debug|x86
		{DC413CD7-305F-4142-A476-97C162851635}.Debug|x86.Build.0 = Debug|x86
		{DC413CD7-305F-4142-A476-97C162851635}.Debug|x86.Deploy.0 = Debug|x86
		{DC413CD7-305F-4142-A476-97C162851635}.Release|Any CPU.ActiveCfg = Release|x86
		{DC413CD7-305F-4142-A476-97C162851635}.Release|ARM.ActiveCfg = Release|ARM
		{DC413CD7-305F-4142-A476-97C162851635}.Release|ARM.Build.0 = Release|ARM
		{DC413CD7-305F-4142-A476-97C162851635}.Release|ARM.Deploy.0 = Release|ARM
		{DC413CD7-305F-4142-A476-97C162851635}.Release|x64.ActiveCfg = Release|x64
		{DC413CD7-305F-4142-A476-97C162851635}.Release|x64.Build.0 = Release|x64
		{DC413CD7-305F-4142-A476-97C162851635}.Release|x64.Deploy.0 = Release|x64
		{DC413CD7-305F-4142-A476-97C162851635}.Release|x86.ActiveCfg = Release|x86
		{DC413CD7-305F-4142-A476-97C162851635}.Release|x86.Build.0 = Release|x86
		{DC413CD7-305F-4142-A476-97C162851635}.Release|x86.Deploy.0 = Release|x86
	EndGlobalSection
	GlobalSection(SolutionProperties) = preSolution
		HideSolutionNode = FALSE
	EndGlobalSection
EndGlobal
